
Microsoft Visual Studio Solution File, Format Version 12.00
# Visual Studio Version 17
VisualStudioVersion = 17.14.36414.22
MinimumVisualStudioVersion = 10.0.40219.1
Project("{2150E333-8FDC-42A3-9474-1A3956D46DE8}") = "_ solution", "_ solution", "{8EC462FD-D22E-90A8-E5CE-7E832BA40C5D}"
EndProject
Project("{2150E333-8FDC-42A3-9474-1A3956D46DE8}") = "_ props & targets", "_ props & targets", "{02EA681E-C7D8-13C7-8484-4AC65E1B71E8}"
	ProjectSection(SolutionItems) = preProject
		.editorconfig = .editorconfig
		CleanupNugetPackages.targets = CleanupNugetPackages.targets
		Directory.Build.props = Directory.Build.props
		Directory.Build.targets = Directory.Build.targets
	EndProjectSection
EndProject
Project("{2150E333-8FDC-42A3-9474-1A3956D46DE8}") = "batch files", "batch files", "{9EBA4A5A-300E-4654-A891-26FE4DE467E3}"
	ProjectSection(SolutionItems) = preProject
		_cleanupBinObj.bat = _cleanupBinObj.bat
		_cleanupBinObj.ps1 = _cleanupBinObj.ps1
		_cleanupGitClear.bat = _cleanupGitClear.bat
	EndProjectSection
EndProject
Project("{2150E333-8FDC-42A3-9474-1A3956D46DE8}") = "git", "git", "{83A45ECD-D7DD-4EA8-989D-2EDC3FBDF46F}"
	ProjectSection(SolutionItems) = preProject
		.gitattributes = .gitattributes
		.gitignore = .gitignore
	EndProjectSection
EndProject
Project("{2150E333-8FDC-42A3-9474-1A3956D46DE8}") = "version", "version", "{C4236E05-08F9-4F4E-8229-30EB1D17900C}"
	ProjectSection(SolutionItems) = preProject
		version.json = version.json
	EndProjectSection
EndProject
Project("{2150E333-8FDC-42A3-9474-1A3956D46DE8}") = "markdown", "markdown", "{4B46C9DB-554D-4F34-9690-57A9F708AC40}"
	ProjectSection(SolutionItems) = preProject
		LICENSE.md = LICENSE.md
		README.md = README.md
	EndProjectSection
EndProject
Project("{FAE04EC0-301F-11D3-BF4B-00C04F79EFBC}") = "SST.Encoding.Converter", "SST.Enconding.Converter\SST.Encoding.Converter.csproj", "{A82D773D-DA85-27BB-232D-E5D2435EF9C2}"
EndProject
Global
	GlobalSection(SolutionConfigurationPlatforms) = preSolution
		Debug|Any CPU = Debug|Any CPU
		Release|Any CPU = Release|Any CPU
	EndGlobalSection
	GlobalSection(ProjectConfigurationPlatforms) = postSolution
		{A82D773D-DA85-27BB-232D-E5D2435EF9C2}.Debug|Any CPU.ActiveCfg = Debug|Any CPU
		{A82D773D-DA85-27BB-232D-E5D2435EF9C2}.Debug|Any CPU.Build.0 = Debug|Any CPU
		{A82D773D-DA85-27BB-232D-E5D2435EF9C2}.Release|Any CPU.ActiveCfg = Release|Any CPU
		{A82D773D-DA85-27BB-232D-E5D2435EF9C2}.Release|Any CPU.Build.0 = Release|Any CPU
	EndGlobalSection
	GlobalSection(SolutionProperties) = preSolution
		HideSolutionNode = FALSE
	EndGlobalSection
	GlobalSection(NestedProjects) = preSolution
		{02EA681E-C7D8-13C7-8484-4AC65E1B71E8} = {8EC462FD-D22E-90A8-E5CE-7E832BA40C5D}
		{9EBA4A5A-300E-4654-A891-26FE4DE467E3} = {8EC462FD-D22E-90A8-E5CE-7E832BA40C5D}
		{83A45ECD-D7DD-4EA8-989D-2EDC3FBDF46F} = {8EC462FD-D22E-90A8-E5CE-7E832BA40C5D}
		{C4236E05-08F9-4F4E-8229-30EB1D17900C} = {8EC462FD-D22E-90A8-E5CE-7E832BA40C5D}
		{4B46C9DB-554D-4F34-9690-57A9F708AC40} = {8EC462FD-D22E-90A8-E5CE-7E832BA40C5D}
	EndGlobalSection
	GlobalSection(ExtensibilityGlobals) = postSolution
		SolutionGuid = {195EE533-ED13-465B-9363-F3FD6D70F946}
	EndGlobalSection
EndGlobal
